{
  "name": "toycl",
  "version": "1.0.0",
  "lockfileVersion": 3,
  "requires": true,
  "packages": {
    "": {
      "name": "toycl",
      "version": "1.0.0",
      "license": "ISC",
      "dependencies": {
        "bin2node": "^0.0.3"
      }
    },
    "node_modules/bin2node": {
      "version": "0.0.3",
      "resolved": "https://registry.npmjs.org/bin2node/-/bin2node-0.0.3.tgz",
      "integrity": "sha512-yu6Iai0je2QuxBrSA+hIOmBDiCGKU1aBdVvBkEkw2eh2+Q3Aj0b+UEuURqhjcia1INsA1/TYvW47t8tzaLG9XA==",
      "license": "ISC",
      "dependencies": {
        "bin2node": "^0.0.2"
      }
    },
    "node_modules/bin2node/node_modules/bin2node": {
      "version": "0.0.2",
      "resolved": "https://registry.npmjs.org/bin2node/-/bin2node-0.0.2.tgz",
      "integrity": "sha512-nS17cykKfI9dPj2hcyp2Ob8yCtp0iV7gRwDdSM6MRDLDijkoKtAPqiT2CPuOgopsihQ1SaFE2CZoFZgvhucWOQ==",
      "license": "ISC"
    }
  }
}
